// !$*UTF8*$!
{
	archiveVersion = 1;
	classes = {
	};
	objectVersion = 50;
	objects = {

/* Begin PBXBuildFile section */
		919AB73624290E5700CF386A /* AppDelegate.swift in Sources */ = {isa = PBXBuildFile; fileRef = 919AB73524290E5700CF386A /* AppDelegate.swift */; };
		919AB73824290E5700CF386A /* SceneDelegate.swift in Sources */ = {isa = PBXBuildFile; fileRef = 919AB73724290E5700CF386A /* SceneDelegate.swift */; };
		919AB73A24290E5700CF386A /* ViewController.swift in Sources */ = {isa = PBXBuildFile; fileRef = 919AB73924290E5700CF386A /* ViewController.swift */; };
		919AB73D24290E5700CF386A /* Main.storyboard in Resources */ = {isa = PBXBuildFile; fileRef = 919AB73B24290E5700CF386A /* Main.storyboard */; };
		919AB73F24290E5900CF386A /* Assets.xcassets in Resources */ = {isa = PBXBuildFile; fileRef = 919AB73E24290E5900CF386A /* Assets.xcassets */; };
		919AB74224290E5900CF386A /* LaunchScreen.storyboard in Resources */ = {isa = PBXBuildFile; fileRef = 919AB74024290E5900CF386A /* LaunchScreen.storyboard */; };
		919AB74D24290E5900CF386A /* MoviesTests.swift in Sources */ = {isa = PBXBuildFile; fileRef = 919AB74C24290E5900CF386A /* MoviesTests.swift */; };
		919AB75824290E5900CF386A /* MoviesUITests.swift in Sources */ = {isa = PBXBuildFile; fileRef = 919AB75724290E5900CF386A /* MoviesUITests.swift */; };
/* End PBXBuildFile section */

/* Begin PBXContainerItemProxy section */
		919AB74924290E5900CF386A /* PBXContainerItemProxy */ = {
			isa = PBXContainerItemProxy;
			containerPortal = 919AB72A24290E5700CF386A /* Project object */;
			proxyType = 1;
			remoteGlobalIDString = 919AB73124290E5700CF386A;
			remoteInfo = Movies;
		};
		919AB75424290E5900CF386A /* PBXContainerItemProxy */ = {
			isa = PBXContainerItemProxy;
			containerPortal = 919AB72A24290E5700CF386A /* Project object */;
			proxyType = 1;
			remoteGlobalIDString = 919AB73124290E5700CF386A;
			remoteInfo = Movies;
		};
/* End PBXContainerItemProxy section */

/* Begin PBXFileReference section */
		919AB73224290E5700CF386A /* Movies.app */ = {isa = PBXFileReference; explicitFileType = wrapper.application; includeInIndex = 0; path = Movies.app; sourceTree = BUILT_PRODUCTS_DIR; };
		919AB73524290E5700CF386A /* AppDelegate.swift */ = {isa = PBXFileReference; lastKnownFileType = sourcecode.swift; path = AppDelegate.swift; sourceTree = "<group>"; };
		919AB73724290E5700CF386A /* SceneDelegate.swift */ = {isa = PBXFileReference; lastKnownFileType = sourcecode.swift; path = SceneDelegate.swift; sourceTree = "<group>"; };
		919AB73924290E5700CF386A /* ViewController.swift */ = {isa = PBXFileReference; lastKnownFileType = sourcecode.swift; path = ViewController.swift; sourceTree = "<group>"; };
		919AB73C24290E5700CF386A /* Base */ = {isa = PBXFileReference; lastKnownFileType = file.storyboard; name = Base; path = Base.lproj/Main.storyboard; sourceTree = "<group>"; };
		919AB73E24290E5900CF386A /* Assets.xcassets */ = {isa = PBXFileReference; lastKnownFileType = folder.assetcatalog; path = Assets.xcassets; sourceTree = "<group>"; };
		919AB74124290E5900CF386A /* Base */ = {isa = PBXFileReference; lastKnownFileType = file.storyboard; name = Base; path = Base.lproj/LaunchScreen.storyboard; sourceTree = "<group>"; };
		919AB74324290E5900CF386A /* Info.plist */ = {isa = PBXFileReference; lastKnownFileType = text.plist.xml; path = Info.plist; sourceTree = "<group>"; };
		919AB74824290E5900CF386A /* MoviesTests.xctest */ = {isa = PBXFileReference; explicitFileType = wrapper.cfbundle; includeInIndex = 0; path = MoviesTests.xctest; sourceTree = BUILT_PRODUCTS_DIR; };
		919AB74C24290E5900CF386A /* MoviesTests.swift */ = {isa = PBXFileReference; lastKnownFileType = sourcecode.swift; path = MoviesTests.swift; sourceTree = "<group>"; };
		919AB74E24290E5900CF386A /* Info.plist */ = {isa = PBXFileReference; lastKnownFileType = text.plist.xml; path = Info.plist; sourceTree = "<group>"; };
		919AB75324290E5900CF386A /* MoviesUITests.xctest */ = {isa = PBXFileReference; explicitFileType = wrapper.cfbundle; includeInIndex = 0; path = MoviesUITests.xctest; sourceTree = BUILT_PRODUCTS_DIR; };
		919AB75724290E5900CF386A /* MoviesUITests.swift */ = {isa = PBXFileReference; lastKnownFileType = sourcecode.swift; path = MoviesUITests.swift; sourceTree = "<group>"; };
		919AB75924290E5900CF386A /* Info.plist */ = {isa = PBXFileReference; lastKnownFileType = text.plist.xml; path = Info.plist; sourceTree = "<group>"; };
/* End PBXFileReference section */

/* Begin PBXFrameworksBuildPhase section */
		919AB72F24290E5700CF386A /* Frameworks */ = {
			isa = PBXFrameworksBuildPhase;
			buildActionMask = 2147483647;
			files = (
			);
			runOnlyForDeploymentPostprocessing = 0;
		};
		919AB74524290E5900CF386A /* Frameworks */ = {
			isa = PBXFrameworksBuildPhase;
			buildActionMask = 2147483647;
			files = (
			);
			runOnlyForDeploymentPostprocessing = 0;
		};
		919AB75024290E5900CF386A /* Frameworks */ = {
			isa = PBXFrameworksBuildPhase;
			buildActionMask = 2147483647;
			files = (
			);
			runOnlyForDeploymentPostprocessing = 0;
		};
/* End PBXFrameworksBuildPhase section */

/* Begin PBXGroup section */
		919AB72924290E5700CF386A = {
			isa = PBXGroup;
			children = (
				919AB73424290E5700CF386A /* Movies */,
				919AB74B24290E5900CF386A /* MoviesTests */,
				919AB75624290E5900CF386A /* MoviesUITests */,
				919AB73324290E5700CF386A /* Products */,
			);
			sourceTree = "<group>";
		};
		919AB73324290E5700CF386A /* Products */ = {
			isa = PBXGroup;
			children = (
				919AB73224290E5700CF386A /* Movies.app */,
				919AB74824290E5900CF386A /* MoviesTests.xctest */,
				919AB75324290E5900CF386A /* MoviesUITests.xctest */,
			);
			name = Products;
			sourceTree = "<group>";
		};
		919AB73424290E5700CF386A /* Movies */ = {
			isa = PBXGroup;
			children = (
				919AB73524290E5700CF386A /* AppDelegate.swift */,
				919AB73724290E5700CF386A /* SceneDelegate.swift */,
				919AB73924290E5700CF386A /* ViewController.swift */,
				919AB73B24290E5700CF386A /* Main.storyboard */,
				919AB73E24290E5900CF386A /* Assets.xcassets */,
				919AB74024290E5900CF386A /* LaunchScreen.storyboard */,
				919AB74324290E5900CF386A /* Info.plist */,
			);
			path = Movies;
			sourceTree = "<group>";
		};
		919AB74B24290E5900CF386A /* MoviesTests */ = {
			isa = PBXGroup;
			children = (
				919AB74C24290E5900CF386A /* MoviesTests.swift */,
				919AB74E24290E5900CF386A /* Info.plist */,
			);
			path = MoviesTests;
			sourceTree = "<group>";
		};
		919AB75624290E5900CF386A /* MoviesUITests */ = {
			isa = PBXGroup;
			children = (
				919AB75724290E5900CF386A /* MoviesUITests.swift */,
				919AB75924290E5900CF386A /* Info.plist */,
			);
			path = MoviesUITests;
			sourceTree = "<group>";
		};
/* End PBXGroup section */

/* Begin PBXNativeTarget section */
		919AB73124290E5700CF386A /* Movies */ = {
			isa = PBXNativeTarget;
			buildConfigurationList = 919AB75C24290E5900CF386A /* Build configuration list for PBXNativeTarget "Movies" */;
			buildPhases = (
				919AB72E24290E5700CF386A /* Sources */,
				919AB72F24290E5700CF386A /* Frameworks */,
				919AB73024290E5700CF386A /* Resources */,
				919AB76524290EF300CF386A /* Swift Lint */,
			);
			buildRules = (
			);
			dependencies = (
			);
			name = Movies;
			productName = Movies;
			productReference = 919AB73224290E5700CF386A /* Movies.app */;
			productType = "com.apple.product-type.application";
		};
		919AB74724290E5900CF386A /* MoviesTests */ = {
			isa = PBXNativeTarget;
			buildConfigurationList = 919AB75F24290E5900CF386A /* Build configuration list for PBXNativeTarget "MoviesTests" */;
			buildPhases = (
				919AB74424290E5900CF386A /* Sources */,
				919AB74524290E5900CF386A /* Frameworks */,
				919AB74624290E5900CF386A /* Resources */,
			);
			buildRules = (
			);
			dependencies = (
				919AB74A24290E5900CF386A /* PBXTargetDependency */,
			);
			name = MoviesTests;
			productName = MoviesTests;
			productReference = 919AB74824290E5900CF386A /* MoviesTests.xctest */;
			productType = "com.apple.product-type.bundle.unit-test";
		};
		919AB75224290E5900CF386A /* MoviesUITests */ = {
			isa = PBXNativeTarget;
			buildConfigurationList = 919AB76224290E5900CF386A /* Build configuration list for PBXNativeTarget "MoviesUITests" */;
			buildPhases = (
				919AB74F24290E5900CF386A /* Sources */,
				919AB75024290E5900CF386A /* Frameworks */,
				919AB75124290E5900CF386A /* Resources */,
			);
			buildRules = (
			);
			dependencies = (
				919AB75524290E5900CF386A /* PBXTargetDependency */,
			);
			name = MoviesUITests;
			productName = MoviesUITests;
			productReference = 919AB75324290E5900CF386A /* MoviesUITests.xctest */;
			productType = "com.apple.product-type.bundle.ui-testing";
		};
/* End PBXNativeTarget section */

/* Begin PBXProject section */
		919AB72A24290E5700CF386A /* Project object */ = {
			isa = PBXProject;
			attributes = {
				LastSwiftUpdateCheck = 1130;
				LastUpgradeCheck = 1130;
				ORGANIZATIONNAME = "Claudio Carvalho";
				TargetAttributes = {
					919AB73124290E5700CF386A = {
						CreatedOnToolsVersion = 11.3.1;
					};
					919AB74724290E5900CF386A = {
						CreatedOnToolsVersion = 11.3.1;
						TestTargetID = 919AB73124290E5700CF386A;
					};
					919AB75224290E5900CF386A = {
						CreatedOnToolsVersion = 11.3.1;
						TestTargetID = 919AB73124290E5700CF386A;
					};
				};
			};
			buildConfigurationList = 919AB72D24290E5700CF386A /* Build configuration list for PBXProject "Movies" */;
			compatibilityVersion = "Xcode 9.3";
			developmentRegion = en;
			hasScannedForEncodings = 0;
			knownRegions = (
				en,
				Base,
			);
			mainGroup = 919AB72924290E5700CF386A;
			productRefGroup = 919AB73324290E5700CF386A /* Products */;
			projectDirPath = "";
			projectRoot = "";
			targets = (
				919AB73124290E5700CF386A /* Movies */,
				919AB74724290E5900CF386A /* MoviesTests */,
				919AB75224290E5900CF386A /* MoviesUITests */,
			);
		};
/* End PBXProject section */

/* Begin PBXResourcesBuildPhase section */
		919AB73024290E5700CF386A /* Resources */ = {
			isa = PBXResourcesBuildPhase;
			buildActionMask = 2147483647;
			files = (
				919AB74224290E5900CF386A /* LaunchScreen.storyboard in Resources */,
				919AB73F24290E5900CF386A /* Assets.xcassets in Resources */,
				919AB73D24290E5700CF386A /* Main.storyboard in Resources */,
			);
			runOnlyForDeploymentPostprocessing = 0;
		};
		919AB74624290E5900CF386A /* Resources */ = {
			isa = PBXResourcesBuildPhase;
			buildActionMask = 2147483647;
			files = (
			);
			runOnlyForDeploymentPostprocessing = 0;
		};
		919AB75124290E5900CF386A /* Resources */ = {
			isa = PBXResourcesBuildPhase;
			buildActionMask = 2147483647;
			files = (
			);
			runOnlyForDeploymentPostprocessing = 0;
		};
/* End PBXResourcesBuildPhase section */

/* Begin PBXShellScriptBuildPhase section */
		919AB76524290EF300CF386A /* Swift Lint */ = {
			isa = PBXShellScriptBuildPhase;
			buildActionMask = 2147483647;
			files = (
			);
			inputFileListPaths = (
			);
			inputPaths = (
			);
			name = "Swift Lint";
			outputFileListPaths = (
			);
			outputPaths = (
			);
			runOnlyForDeploymentPostprocessing = 0;
			shellPath = /bin/sh;
			shellScript = "if which swiftlint >/dev/null; then\n  swiftlint\nelse\n  echo \"warning: SwiftLint not installed, download from https://github.com/realm/SwiftLint\"\nfi\n";
		};
/* End PBXShellScriptBuildPhase section */

/* Begin PBXSourcesBuildPhase section */
		919AB72E24290E5700CF386A /* Sources */ = {
			isa = PBXSourcesBuildPhase;
			buildActionMask = 2147483647;
			files = (
				919AB73A24290E5700CF386A /* ViewController.swift in Sources */,
				919AB73624290E5700CF386A /* AppDelegate.swift in Sources */,
				919AB73824290E5700CF386A /* SceneDelegate.swift in Sources */,
			);
			runOnlyForDeploymentPostprocessing = 0;
		};
		919AB74424290E5900CF386A /* Sources */ = {
			isa = PBXSourcesBuildPhase;
			buildActionMask = 2147483647;
			files = (
				919AB74D24290E5900CF386A /* MoviesTests.swift in Sources */,
			);
			runOnlyForDeploymentPostprocessing = 0;
		};
		919AB74F24290E5900CF386A /* Sources */ = {
			isa = PBXSourcesBuildPhase;
			buildActionMask = 2147483647;
			files = (
				919AB75824290E5900CF386A /* MoviesUITests.swift in Sources */,
			);
			runOnlyForDeploymentPostprocessing = 0;
		};
/* End PBXSourcesBuildPhase section */

/* Begin PBXTargetDependency section */
		919AB74A24290E5900CF386A /* PBXTargetDependency */ = {
			isa = PBXTargetDependency;
			target = 919AB73124290E5700CF386A /* Movies */;
			targetProxy = 919AB74924290E5900CF386A /* PBXContainerItemProxy */;
		};
		919AB75524290E5900CF386A /* PBXTargetDependency */ = {
			isa = PBXTargetDependency;
			target = 919AB73124290E5700CF386A /* Movies */;
			targetProxy = 919AB75424290E5900CF386A /* PBXContainerItemProxy */;
		};
/* End PBXTargetDependency section */

/* Begin PBXVariantGroup section */
		919AB73B24290E5700CF386A /* Main.storyboard */ = {
			isa = PBXVariantGroup;
			children = (
				919AB73C24290E5700CF386A /* Base */,
			);
			name = Main.storyboard;
			sourceTree = "<group>";
		};
		919AB74024290E5900CF386A /* LaunchScreen.storyboard */ = {
			isa = PBXVariantGroup;
			children = (
				919AB74124290E5900CF386A /* Base */,
			);
			name = LaunchScreen.storyboard;
			sourceTree = "<group>";
		};
/* End PBXVariantGroup section */

/* Begin XCBuildConfiguration section */
		919AB75A24290E5900CF386A /* Debug */ = {
			isa = XCBuildConfiguration;
			buildSettings = {
				ALWAYS_SEARCH_USER_PATHS = NO;
				CLANG_ANALYZER_NONNULL = YES;
				CLANG_ANALYZER_NUMBER_OBJECT_CONVERSION = YES_AGGRESSIVE;
				CLANG_CXX_LANGUAGE_STANDARD = "gnu++14";
				CLANG_CXX_LIBRARY = "libc++";
				CLANG_ENABLE_MODULES = YES;
				CLANG_ENABLE_OBJC_ARC = YES;
				CLANG_ENABLE_OBJC_WEAK = YES;
				CLANG_WARN_BLOCK_CAPTURE_AUTORELEASING = YES;
				CLANG_WARN_BOOL_CONVERSION = YES;
				CLANG_WARN_COMMA = YES;
				CLANG_WARN_CONSTANT_CONVERSION = YES;
				CLANG_WARN_DEPRECATED_OBJC_IMPLEMENTATIONS = YES;
				CLANG_WARN_DIRECT_OBJC_ISA_USAGE = YES_ERROR;
				CLANG_WARN_DOCUMENTATION_COMMENTS = YES;
				CLANG_WARN_EMPTY_BODY = YES;
				CLANG_WARN_ENUM_CONVERSION = YES;
				CLANG_WARN_INFINITE_RECURSION = YES;
				CLANG_WARN_INT_CONVERSION = YES;
				CLANG_WARN_NON_LITERAL_NULL_CONVERSION = YES;
				CLANG_WARN_OBJC_IMPLICIT_RETAIN_SELF = YES;
				CLANG_WARN_OBJC_LITERAL_CONVERSION = YES;
				CLANG_WARN_OBJC_ROOT_CLASS = YES_ERROR;
				CLANG_WARN_RANGE_LOOP_ANALYSIS = YES;
				CLANG_WARN_STRICT_PROTOTYPES = YES;
				CLANG_WARN_SUSPICIOUS_MOVE = YES;
				CLANG_WARN_UNGUARDED_AVAILABILITY = YES_AGGRESSIVE;
				CLANG_WARN_UNREACHABLE_CODE = YES;
				CLANG_WARN__DUPLICATE_METHOD_MATCH = YES;
				COPY_PHASE_STRIP = NO;
				DEBUG_INFORMATION_FORMAT = dwarf;
				ENABLE_STRICT_OBJC_MSGSEND = YES;
				ENABLE_TESTABILITY = YES;
				GCC_C_LANGUAGE_STANDARD = gnu11;
				GCC_DYNAMIC_NO_PIC = NO;
				GCC_NO_COMMON_BLOCKS = YES;
				GCC_OPTIMIZATION_LEVEL = 0;
				GCC_PREPROCESSOR_DEFINITIONS = (
					"DEBUG=1",
					"$(inherited)",
				);
				GCC_WARN_64_TO_32_BIT_CONVERSION = YES;
				GCC_WARN_ABOUT_RETURN_TYPE = YES_ERROR;
				GCC_WARN_UNDECLARED_SELECTOR = YES;
				GCC_WARN_UNINITIALIZED_AUTOS = YES_AGGRESSIVE;
				GCC_WARN_UNUSED_FUNCTION = YES;
				GCC_WARN_UNUSED_VARIABLE = YES;
				IPHONEOS_DEPLOYMENT_TARGET = 13.2;
				MTL_ENABLE_DEBUG_INFO = INCLUDE_SOURCE;
				MTL_FAST_MATH = YES;
				ONLY_ACTIVE_ARCH = YES;
				SDKROOT = iphoneos;
				SWIFT_ACTIVE_COMPILATION_CONDITIONS = DEBUG;
				SWIFT_OPTIMIZATION_LEVEL = "-Onone";
			};
			name = Debug;
		};
		919AB75B24290E5900CF386A /* Release */ = {
			isa = XCBuildConfiguration;
			buildSettings = {
				ALWAYS_SEARCH_USER_PATHS = NO;
				CLANG_ANALYZER_NONNULL = YES;
				CLANG_ANALYZER_NUMBER_OBJECT_CONVERSION = YES_AGGRESSIVE;
				CLANG_CXX_LANGUAGE_STANDARD = "gnu++14";
				CLANG_CXX_LIBRARY = "libc++";
				CLANG_ENABLE_MODULES = YES;
				CLANG_ENABLE_OBJC_ARC = YES;
				CLANG_ENABLE_OBJC_WEAK = YES;
				CLANG_WARN_BLOCK_CAPTURE_AUTORELEASING = YES;
				CLANG_WARN_BOOL_CONVERSION = YES;
				CLANG_WARN_COMMA = YES;
				CLANG_WARN_CONSTANT_CONVERSION = YES;
				CLANG_WARN_DEPRECATED_OBJC_IMPLEMENTATIONS = YES;
				CLANG_WARN_DIRECT_OBJC_ISA_USAGE = YES_ERROR;
				CLANG_WARN_DOCUMENTATION_COMMENTS = YES;
				CLANG_WARN_EMPTY_BODY = YES;
				CLANG_WARN_ENUM_CONVERSION = YES;
				CLANG_WARN_INFINITE_RECURSION = YES;
				CLANG_WARN_INT_CONVERSION = YES;
				CLANG_WARN_NON_LITERAL_NULL_CONVERSION = YES;
				CLANG_WARN_OBJC_IMPLICIT_RETAIN_SELF = YES;
				CLANG_WARN_OBJC_LITERAL_CONVERSION = YES;
				CLANG_WARN_OBJC_ROOT_CLASS = YES_ERROR;
				CLANG_WARN_RANGE_LOOP_ANALYSIS = YES;
				CLANG_WARN_STRICT_PROTOTYPES = YES;
				CLANG_WARN_SUSPICIOUS_MOVE = YES;
				CLANG_WARN_UNGUARDED_AVAILABILITY = YES_AGGRESSIVE;
				CLANG_WARN_UNREACHABLE_CODE = YES;
				CLANG_WARN__DUPLICATE_METHOD_MATCH = YES;
				COPY_PHASE_STRIP = NO;
				DEBUG_INFORMATION_FORMAT = "dwarf-with-dsym";
				ENABLE_NS_ASSERTIONS = NO;
				ENABLE_STRICT_OBJC_MSGSEND = YES;
				GCC_C_LANGUAGE_STANDARD = gnu11;
				GCC_NO_COMMON_BLOCKS = YES;
				GCC_WARN_64_TO_32_BIT_CONVERSION = YES;
				GCC_WARN_ABOUT_RETURN_TYPE = YES_ERROR;
				GCC_WARN_UNDECLARED_SELECTOR = YES;
				GCC_WARN_UNINITIALIZED_AUTOS = YES_AGGRESSIVE;
				GCC_WARN_UNUSED_FUNCTION = YES;
				GCC_WARN_UNUSED_VARIABLE = YES;
				IPHONEOS_DEPLOYMENT_TARGET = 13.2;
				MTL_ENABLE_DEBUG_INFO = NO;
				MTL_FAST_MATH = YES;
				SDKROOT = iphoneos;
				SWIFT_COMPILATION_MODE = wholemodule;
				SWIFT_OPTIMIZATION_LEVEL = "-O";
				VALIDATE_PRODUCT = YES;
			};
			name = Release;
		};
		919AB75D24290E5900CF386A /* Debug */ = {
			isa = XCBuildConfiguration;
			buildSettings = {
				ASSETCATALOG_COMPILER_APPICON_NAME = AppIcon;
				CODE_SIGN_STYLE = Automatic;
				INFOPLIST_FILE = Movies/Info.plist;
				LD_RUNPATH_SEARCH_PATHS = (
					"$(inherited)",
					"@executable_path/Frameworks",
				);
				PRODUCT_BUNDLE_IDENTIFIER = dev.claudiocarvalho.Movies;
				PRODUCT_NAME = "$(TARGET_NAME)";
				SWIFT_VERSION = 5.0;
				TARGETED_DEVICE_FAMILY = "1,2";
			};
			name = Debug;
		};
		919AB75E24290E5900CF386A /* Release */ = {
			isa = XCBuildConfiguration;
			buildSettings = {
				ASSETCATALOG_COMPILER_APPICON_NAME = AppIcon;
				CODE_SIGN_STYLE = Automatic;
				INFOPLIST_FILE = Movies/Info.plist;
				LD_RUNPATH_SEARCH_PATHS = (
					"$(inherited)",
					"@executable_path/Frameworks",
				);
				PRODUCT_BUNDLE_IDENTIFIER = dev.claudiocarvalho.Movies;
				PRODUCT_NAME = "$(TARGET_NAME)";
				SWIFT_VERSION = 5.0;
				TARGETED_DEVICE_FAMILY = "1,2";
			};
			name = Release;
		};
		919AB76024290E5900CF386A /* Debug */ = {
			isa = XCBuildConfiguration;
			buildSettings = {
				ALWAYS_EMBED_SWIFT_STANDARD_LIBRARIES = YES;
				BUNDLE_LOADER = "$(TEST_HOST)";
				CODE_SIGN_STYLE = Automatic;
				INFOPLIST_FILE = MoviesTests/Info.plist;
				IPHONEOS_DEPLOYMENT_TARGET = 13.2;
				LD_RUNPATH_SEARCH_PATHS = (
					"$(inherited)",
					"@executable_path/Frameworks",
					"@loader_path/Frameworks",
				);
				PRODUCT_BUNDLE_IDENTIFIER = dev.claudiocarvalho.MoviesTests;
				PRODUCT_NAME = "$(TARGET_NAME)";
				SWIFT_VERSION = 5.0;
				TARGETED_DEVICE_FAMILY = "1,2";
				TEST_HOST = "$(BUILT_PRODUCTS_DIR)/Movies.app/Movies";
			};
			name = Debug;
		};
		919AB76124290E5900CF386A /* Release */ = {
			isa = XCBuildConfiguration;
			buildSettings = {
				ALWAYS_EMBED_SWIFT_STANDARD_LIBRARIES = YES;
				BUNDLE_LOADER = "$(TEST_HOST)";
				CODE_SIGN_STYLE = Automatic;
				INFOPLIST_FILE = MoviesTests/Info.plist;
				IPHONEOS_DEPLOYMENT_TARGET = 13.2;
				LD_RUNPATH_SEARCH_PATHS = (
					"$(inherited)",
					"@executable_path/Frameworks",
					"@loader_path/Frameworks",
				);
				PRODUCT_BUNDLE_IDENTIFIER = dev.claudiocarvalho.MoviesTests;
				PRODUCT_NAME = "$(TARGET_NAME)";
				SWIFT_VERSION = 5.0;
				TARGETED_DEVICE_FAMILY = "1,2";
				TEST_HOST = "$(BUILT_PRODUCTS_DIR)/Movies.app/Movies";
			};
			name = Release;
		};
		919AB76324290E5900CF386A /* Debug */ = {
			isa = XCBuildConfiguration;
			buildSettings = {
				ALWAYS_EMBED_SWIFT_STANDARD_LIBRARIES = YES;
				CODE_SIGN_STYLE = Automatic;
				INFOPLIST_FILE = MoviesUITests/Info.plist;
				LD_RUNPATH_SEARCH_PATHS = (
					"$(inherited)",
					"@executable_path/Frameworks",
					"@loader_path/Frameworks",
				);
				PRODUCT_BUNDLE_IDENTIFIER = dev.claudiocarvalho.MoviesUITests;
				PRODUCT_NAME = "$(TARGET_NAME)";
				SWIFT_VERSION = 5.0;
				TARGETED_DEVICE_FAMILY = "1,2";
				TEST_TARGET_NAME = Movies;
			};
			name = Debug;
		};
		919AB76424290E5900CF386A /* Release */ = {
			isa = XCBuildConfiguration;
			buildSettings = {
				ALWAYS_EMBED_SWIFT_STANDARD_LIBRARIES = YES;
				CODE_SIGN_STYLE = Automatic;
				INFOPLIST_FILE = MoviesUITests/Info.plist;
				LD_RUNPATH_SEARCH_PATHS = (
					"$(inherited)",
					"@executable_path/Frameworks",
					"@loader_path/Frameworks",
				);
				PRODUCT_BUNDLE_IDENTIFIER = dev.claudiocarvalho.MoviesUITests;
				PRODUCT_NAME = "$(TARGET_NAME)";
				SWIFT_VERSION = 5.0;
				TARGETED_DEVICE_FAMILY = "1,2";
				TEST_TARGET_NAME = Movies;
			};
			name = Release;
		};
/* End XCBuildConfiguration section */

/* Begin XCConfigurationList section */
		919AB72D24290E5700CF386A /* Build configuration list for PBXProject "Movies" */ = {
			isa = XCConfigurationList;
			buildConfigurations = (
				919AB75A24290E5900CF386A /* Debug */,
				919AB75B24290E5900CF386A /* Release */,
			);
			defaultConfigurationIsVisible = 0;
			defaultConfigurationName = Release;
		};
		919AB75C24290E5900CF386A /* Build configuration list for PBXNativeTarget "Movies" */ = {
			isa = XCConfigurationList;
			buildConfigurations = (
				919AB75D24290E5900CF386A /* Debug */,
				919AB75E24290E5900CF386A /* Release */,
			);
			defaultConfigurationIsVisible = 0;
			defaultConfigurationName = Release;
		};
		919AB75F24290E5900CF386A /* Build configuration list for PBXNativeTarget "MoviesTests" */ = {
			isa = XCConfigurationList;
			buildConfigurations = (
				919AB76024290E5900CF386A /* Debug */,
				919AB76124290E5900CF386A /* Release */,
			);
			defaultConfigurationIsVisible = 0;
			defaultConfigurationName = Release;
		};
		919AB76224290E5900CF386A /* Build configuration list for PBXNativeTarget "MoviesUITests" */ = {
			isa = XCConfigurationList;
			buildConfigurations = (
				919AB76324290E5900CF386A /* Debug */,
				919AB76424290E5900CF386A /* Release */,
			);
			defaultConfigurationIsVisible = 0;
			defaultConfigurationName = Release;
		};
/* End XCConfigurationList section */
	};
	rootObject = 919AB72A24290E5700CF386A /* Project object */;
}
